
Microsoft Visual Studio Solution File, Format Version 12.00
# Visual Studio Version 17
VisualStudioVersion = 17.1.32328.378
MinimumVisualStudioVersion = 10.0.40219.1
Project("{FAE04EC0-301F-11D3-BF4B-00C04F79EFBC}") = "Project", "Project\Project.csproj", "{E3FB40E5-F678-43D1-B5A4-7AC5B69E8A58}"
EndProject
Global
	GlobalSection(SolutionConfigurationPlatforms) = preSolution
		Debug|Any CPU = Debug|Any CPU
		Release|Any CPU = Release|Any CPU
	EndGlobalSection
	GlobalSection(ProjectConfigurationPlatforms) = postSolution
		{E3FB40E5-F678-43D1-B5A4-7AC5B69E8A58}.Debug|Any CPU.ActiveCfg = Debug|Any CPU
		{E3FB40E5-F678-43D1-B5A4-7AC5B69E8A58}.Debug|Any CPU.Build.0 = Debug|Any CPU
		{E3FB40E5-F678-43D1-B5A4-7AC5B69E8A58}.Release|Any CPU.ActiveCfg = Release|Any CPU
		{E3FB40E5-F678-43D1-B5A4-7AC5B69E8A58}.Release|Any CPU.Build.0 = Release|Any CPU
	EndGlobalSection
	GlobalSection(SolutionProperties) = preSolution
		HideSolutionNode = FALSE
	EndGlobalSection
	GlobalSection(ExtensibilityGlobals) = postSolution
		SolutionGuid = {A7F1A339-ADD8-4D5C-984A-935B52A15579}
	EndGlobalSection
EndGlobal
