
Microsoft Visual Studio Solution File, Format Version 12.00
# Visual Studio Version 17
VisualStudioVersion = 17.1.32328.378
MinimumVisualStudioVersion = 10.0.40219.1
Project("{FAE04EC0-301F-11D3-BF4B-00C04F79EFBC}") = "FirstDesktopApp", "FirstDesktopApp\FirstDesktopApp.csproj", "{972149F2-8935-47D7-A5E0-848CB37E306D}"
EndProject
Global
	GlobalSection(SolutionConfigurationPlatforms) = preSolution
		Debug|Any CPU = Debug|Any CPU
		Release|Any CPU = Release|Any CPU
	EndGlobalSection
	GlobalSection(ProjectConfigurationPlatforms) = postSolution
		{972149F2-8935-47D7-A5E0-848CB37E306D}.Debug|Any CPU.ActiveCfg = Debug|Any CPU
		{972149F2-8935-47D7-A5E0-848CB37E306D}.Debug|Any CPU.Build.0 = Debug|Any CPU
		{972149F2-8935-47D7-A5E0-848CB37E306D}.Release|Any CPU.ActiveCfg = Release|Any CPU
		{972149F2-8935-47D7-A5E0-848CB37E306D}.Release|Any CPU.Build.0 = Release|Any CPU
	EndGlobalSection
	GlobalSection(SolutionProperties) = preSolution
		HideSolutionNode = FALSE
	EndGlobalSection
	GlobalSection(ExtensibilityGlobals) = postSolution
		SolutionGuid = {FC00C75E-5B50-427E-B0DA-E7ECF1EB16EB}
	EndGlobalSection
EndGlobal
